
Microsoft Visual Studio Solution File, Format Version 12.00
# Visual Studio Version 16
VisualStudioVersion = 16.0.34114.132
MinimumVisualStudioVersion = 10.0.40219.1
Project("{2150E333-8FDC-42A3-9474-1A3956D46DE8}") = "Task0", "Task0", "{C05290F9-1757-485E-BD0D-EA3056541543}"
EndProject
Project("{2150E333-8FDC-42A3-9474-1A3956D46DE8}") = "Task1", "Task1", "{E71C82AF-1D04-4D09-8A59-954CE9A1A950}"
EndProject
Project("{2150E333-8FDC-42A3-9474-1A3956D46DE8}") = "Task2", "Task2", "{64A7E0EA-906B-41DF-846F-0CB46ADAF573}"
EndProject
Project("{2150E333-8FDC-42A3-9474-1A3956D46DE8}") = "Task3", "Task3", "{F8DF2B74-EC98-4048-A39E-8874AEDD266D}"
EndProject
Project("{2150E333-8FDC-42A3-9474-1A3956D46DE8}") = "Task4", "Task4", "{C11EC434-4EC9-46DC-AF9A-62B598DAC211}"
EndProject
Project("{2150E333-8FDC-42A3-9474-1A3956D46DE8}") = "Task5", "Task5", "{755CB1BD-34C3-4529-9732-4738834F91AA}"
EndProject
Project("{2150E333-8FDC-42A3-9474-1A3956D46DE8}") = "Task7", "Task7", "{2663976F-7286-4F55-BFFA-040C0CF5F03E}"
EndProject
Project("{2150E333-8FDC-42A3-9474-1A3956D46DE8}") = "Task6", "Task6", "{CA773E65-314E-4E5E-BC24-1513543B47E5}"
EndProject
Project("{FAE04EC0-301F-11D3-BF4B-00C04F79EFBC}") = "Tyuiu.TarasovVD.Sprint6.Task0.V7.Lib", "Tyuiu.TarasovVD.Sprint6.Task0.V7.Lib\Tyuiu.TarasovVD.Sprint6.Task0.V7.Lib.csproj", "{8C5A1D53-6225-4DD4-8D06-E5D7533E2BB2}"
EndProject
Project("{FAE04EC0-301F-11D3-BF4B-00C04F79EFBC}") = "Tyuiu.TarasovVD.Sprint6.Task0.V7.Test", "Tyuiu.TarasovVD.Sprint6.Task0.V7.Test\Tyuiu.TarasovVD.Sprint6.Task0.V7.Test.csproj", "{3A7A7FE4-EC0E-44FD-B77B-A38EAC66B98C}"
EndProject
Project("{FAE04EC0-301F-11D3-BF4B-00C04F79EFBC}") = "Tyuiu.TarasovVD.Sprint6.Task0.V7", "Tyuiu.TarasovVD.Sprint6.Task0.V7\Tyuiu.TarasovVD.Sprint6.Task0.V7.csproj", "{029EB7F9-1FC9-40B7-B1D5-D23F8A983C91}"
EndProject
Project("{FAE04EC0-301F-11D3-BF4B-00C04F79EFBC}") = "Tyuiu.TarasovVD.Sprint6.Task1.V12.Lib", "Tyuiu.TarasovVD.Sprint6.Task1.V12.Lib\Tyuiu.TarasovVD.Sprint6.Task1.V12.Lib.csproj", "{49F98D6E-37C0-4077-B7C3-0C20069C5615}"
EndProject
Project("{FAE04EC0-301F-11D3-BF4B-00C04F79EFBC}") = "Tyuiu.TarasovVD.Sprint6.Task1.V12.Test", "Tyuiu.TarasovVD.Sprint6.Task1.V12.Test\Tyuiu.TarasovVD.Sprint6.Task1.V12.Test.csproj", "{A222A02C-48C3-4E71-86A5-53E27855E0E1}"
EndProject
Project("{FAE04EC0-301F-11D3-BF4B-00C04F79EFBC}") = "Tyuiu.TarasovVD.Sprint6.Task1.V12", "Tyuiu.TarasovVD.Sprint6.Task1.V12\Tyuiu.TarasovVD.Sprint6.Task1.V12.csproj", "{BD791DA1-4AA5-487E-959D-21C75D294E1A}"
EndProject
Project("{FAE04EC0-301F-11D3-BF4B-00C04F79EFBC}") = "Tyuiu.TarasovVD.Sprint6.Task2.V8.Lib", "Tyuiu.TarasovVD.Sprint6.Task2.V8.Lib\Tyuiu.TarasovVD.Sprint6.Task2.V8.Lib.csproj", "{02FFA645-ABEA-48BB-8AFA-9485E2D2EF2E}"
EndProject
Project("{FAE04EC0-301F-11D3-BF4B-00C04F79EFBC}") = "Tyuiu.TarasovVD.Sprint6.Task2.V8.Test", "Tyuiu.TarasovVD.Sprint6.Task2.V8.Test\Tyuiu.TarasovVD.Sprint6.Task2.V8.Test.csproj", "{C43F8354-5461-4A73-A2A3-F45BBBFE8D68}"
EndProject
Project("{FAE04EC0-301F-11D3-BF4B-00C04F79EFBC}") = "Tyuiu.TarasovVD.Sprint6.Task2.V8", "Tyuiu.TarasovVD.Sprint6.Task2.V8\Tyuiu.TarasovVD.Sprint6.Task2.V8.csproj", "{103B264B-7D2C-4D5E-8461-8CD8C2DC9B96}"
EndProject
Project("{FAE04EC0-301F-11D3-BF4B-00C04F79EFBC}") = "Tyuiu.TarasovVD.Sprint6.Task3.V30.Lib", "Tyuiu.TarasovVD.Sprint6.Task3.V30.Lib\Tyuiu.TarasovVD.Sprint6.Task3.V30.Lib.csproj", "{ED723A97-397F-4B52-8BD8-FE0B4CA55A49}"
EndProject
Project("{FAE04EC0-301F-11D3-BF4B-00C04F79EFBC}") = "Tyuiu.TarasovVD.Sprint6.Task3.V30.Test", "Tyuiu.TarasovVD.Sprint6.Task3.V30.Test\Tyuiu.TarasovVD.Sprint6.Task3.V30.Test.csproj", "{EA11FBD7-003E-41D6-B890-24BFE4940CB3}"
EndProject
Project("{FAE04EC0-301F-11D3-BF4B-00C04F79EFBC}") = "Tyuiu.TarasovVD.Sprint6.Task3.V30", "Tyuiu.TarasovVD.Sprint6.Task3.V30\Tyuiu.TarasovVD.Sprint6.Task3.V30.csproj", "{416B4242-B75C-4DA4-BBF8-CCB666AD1EC7}"
EndProject
Project("{FAE04EC0-301F-11D3-BF4B-00C04F79EFBC}") = "Tyuiu.TarasovVD.Sprint6.Task4.V16.Lib", "Tyuiu.TarasovVD.Sprint6.Task4.V16.Lib\Tyuiu.TarasovVD.Sprint6.Task4.V16.Lib.csproj", "{3A14A039-55C7-4E62-ABAA-53CB6DCA4542}"
EndProject
Project("{FAE04EC0-301F-11D3-BF4B-00C04F79EFBC}") = "Tyuiu.TarasovVD.Sprint6.Task4.V16.Test", "Tyuiu.TarasovVD.Sprint6.Task4.V16.Test\Tyuiu.TarasovVD.Sprint6.Task4.V16.Test.csproj", "{C86D878F-A5BB-453B-B5A7-1427FB07C6EA}"
EndProject
Project("{FAE04EC0-301F-11D3-BF4B-00C04F79EFBC}") = "Tyuiu.TarasovVD.Sprint6.Task4.V16", "Tyuiu.TarasovVD.Sprint6.Task4.V16\Tyuiu.TarasovVD.Sprint6.Task4.V16.csproj", "{D8A5DCCC-FD9E-4EF5-B1AF-20910ED0015A}"
EndProject
Project("{FAE04EC0-301F-11D3-BF4B-00C04F79EFBC}") = "Tyuiu.TarasovVD.Sprint6.Task5.V18.Lib", "Tyuiu.TarasovVD.Sprint6.Task5.V18.Lib\Tyuiu.TarasovVD.Sprint6.Task5.V18.Lib.csproj", "{0D6B6F77-16B9-4592-B220-00829C76D683}"
EndProject
Project("{FAE04EC0-301F-11D3-BF4B-00C04F79EFBC}") = "Tyuiu.TarasovVD.Sprint6.Task5.V18.Test", "Tyuiu.TarasovVD.Sprint6.Task5.V18.Test\Tyuiu.TarasovVD.Sprint6.Task5.V18.Test.csproj", "{11229546-B2FC-4DDF-9D4C-AF45287E49F7}"
EndProject
Project("{FAE04EC0-301F-11D3-BF4B-00C04F79EFBC}") = "Tyuiu.TarasovVD.Sprint6.Task5.V18", "Tyuiu.TarasovVD.Sprint6.Task5.V18\Tyuiu.TarasovVD.Sprint6.Task5.V18.csproj", "{AF6B19D5-A435-4571-B028-5768BB8E5E8A}"
EndProject
Project("{FAE04EC0-301F-11D3-BF4B-00C04F79EFBC}") = "Tyuiu.TarasovVD.Sprint6.Task6.V6", "Tyuiu.TarasovVD.Sprint6.Task6.V6\Tyuiu.TarasovVD.Sprint6.Task6.V6.csproj", "{5AFB44AD-0367-4AEB-880C-658CC1DC3BC5}"
EndProject
Project("{FAE04EC0-301F-11D3-BF4B-00C04F79EFBC}") = "Tyuiu.TarasovVD.Sprint6.Task6.V6.Lib", "Tyuiu.TarasovVD.Sprint6.Task6.V6.Lib\Tyuiu.TarasovVD.Sprint6.Task6.V6.Lib.csproj", "{F9135CF6-3BD2-40F6-952B-95F2360FD9F3}"
EndProject
Project("{FAE04EC0-301F-11D3-BF4B-00C04F79EFBC}") = "Tyuiu.TarasovVD.Sprint6.Task6.V6.Test", "Tyuiu.TarasovVD.Sprint6.Task6.V6.Test\Tyuiu.TarasovVD.Sprint6.Task6.V6.Test.csproj", "{74D992D1-7DB2-4BAA-9E17-16B16A2438B3}"
EndProject
Project("{FAE04EC0-301F-11D3-BF4B-00C04F79EFBC}") = "Tyuiu.TarasovVD.Sprint6.Task7.V5.Lib", "Tyuiu.TarasovVD.Sprint6.Task7.V5.Lib\Tyuiu.TarasovVD.Sprint6.Task7.V5.Lib.csproj", "{504834CD-383F-41E2-BC89-6B1D17A8C420}"
EndProject
Project("{FAE04EC0-301F-11D3-BF4B-00C04F79EFBC}") = "Tyuiu.TarasovVD.Sprint6.Task7.V5.Test", "Tyuiu.TarasovVD.Sprint6.Task7.V5.Test\Tyuiu.TarasovVD.Sprint6.Task7.V5.Test.csproj", "{FB40B381-8B0E-4B8B-B243-06372AD0C510}"
EndProject
Project("{FAE04EC0-301F-11D3-BF4B-00C04F79EFBC}") = "Tyuiu.TarasovVD.Sprint6.Task7.V5", "Tyuiu.TarasovVD.Sprint6.Task7.V5\Tyuiu.TarasovVD.Sprint6.Task7.V5.csproj", "{0828254B-5DE2-407E-B1CA-C069A716D01B}"
EndProject
Global
	GlobalSection(SolutionConfigurationPlatforms) = preSolution
		Debug|Any CPU = Debug|Any CPU
		Release|Any CPU = Release|Any CPU
	EndGlobalSection
	GlobalSection(ProjectConfigurationPlatforms) = postSolution
		{8C5A1D53-6225-4DD4-8D06-E5D7533E2BB2}.Debug|Any CPU.ActiveCfg = Debug|Any CPU
		{8C5A1D53-6225-4DD4-8D06-E5D7533E2BB2}.Debug|Any CPU.Build.0 = Debug|Any CPU
		{8C5A1D53-6225-4DD4-8D06-E5D7533E2BB2}.Release|Any CPU.ActiveCfg = Release|Any CPU
		{8C5A1D53-6225-4DD4-8D06-E5D7533E2BB2}.Release|Any CPU.Build.0 = Release|Any CPU
		{3A7A7FE4-EC0E-44FD-B77B-A38EAC66B98C}.Debug|Any CPU.ActiveCfg = Debug|Any CPU
		{3A7A7FE4-EC0E-44FD-B77B-A38EAC66B98C}.Debug|Any CPU.Build.0 = Debug|Any CPU
		{3A7A7FE4-EC0E-44FD-B77B-A38EAC66B98C}.Release|Any CPU.ActiveCfg = Release|Any CPU
		{3A7A7FE4-EC0E-44FD-B77B-A38EAC66B98C}.Release|Any CPU.Build.0 = Release|Any CPU
		{029EB7F9-1FC9-40B7-B1D5-D23F8A983C91}.Debug|Any CPU.ActiveCfg = Debug|Any CPU
		{029EB7F9-1FC9-40B7-B1D5-D23F8A983C91}.Debug|Any CPU.Build.0 = Debug|Any CPU
		{029EB7F9-1FC9-40B7-B1D5-D23F8A983C91}.Release|Any CPU.ActiveCfg = Release|Any CPU
		{029EB7F9-1FC9-40B7-B1D5-D23F8A983C91}.Release|Any CPU.Build.0 = Release|Any CPU
		{49F98D6E-37C0-4077-B7C3-0C20069C5615}.Debug|Any CPU.ActiveCfg = Debug|Any CPU
		{49F98D6E-37C0-4077-B7C3-0C20069C5615}.Debug|Any CPU.Build.0 = Debug|Any CPU
		{49F98D6E-37C0-4077-B7C3-0C20069C5615}.Release|Any CPU.ActiveCfg = Release|Any CPU
		{49F98D6E-37C0-4077-B7C3-0C20069C5615}.Release|Any CPU.Build.0 = Release|Any CPU
		{A222A02C-48C3-4E71-86A5-53E27855E0E1}.Debug|Any CPU.ActiveCfg = Debug|Any CPU
		{A222A02C-48C3-4E71-86A5-53E27855E0E1}.Debug|Any CPU.Build.0 = Debug|Any CPU
		{A222A02C-48C3-4E71-86A5-53E27855E0E1}.Release|Any CPU.ActiveCfg = Release|Any CPU
		{A222A02C-48C3-4E71-86A5-53E27855E0E1}.Release|Any CPU.Build.0 = Release|Any CPU
		{BD791DA1-4AA5-487E-959D-21C75D294E1A}.Debug|Any CPU.ActiveCfg = Debug|Any CPU
		{BD791DA1-4AA5-487E-959D-21C75D294E1A}.Debug|Any CPU.Build.0 = Debug|Any CPU
		{BD791DA1-4AA5-487E-959D-21C75D294E1A}.Release|Any CPU.ActiveCfg = Release|Any CPU
		{BD791DA1-4AA5-487E-959D-21C75D294E1A}.Release|Any CPU.Build.0 = Release|Any CPU
		{02FFA645-ABEA-48BB-8AFA-9485E2D2EF2E}.Debug|Any CPU.ActiveCfg = Debug|Any CPU
		{02FFA645-ABEA-48BB-8AFA-9485E2D2EF2E}.Debug|Any CPU.Build.0 = Debug|Any CPU
		{02FFA645-ABEA-48BB-8AFA-9485E2D2EF2E}.Release|Any CPU.ActiveCfg = Release|Any CPU
		{02FFA645-ABEA-48BB-8AFA-9485E2D2EF2E}.Release|Any CPU.Build.0 = Release|Any CPU
		{C43F8354-5461-4A73-A2A3-F45BBBFE8D68}.Debug|Any CPU.ActiveCfg = Debug|Any CPU
		{C43F8354-5461-4A73-A2A3-F45BBBFE8D68}.Debug|Any CPU.Build.0 = Debug|Any CPU
		{C43F8354-5461-4A73-A2A3-F45BBBFE8D68}.Release|Any CPU.ActiveCfg = Release|Any CPU
		{C43F8354-5461-4A73-A2A3-F45BBBFE8D68}.Release|Any CPU.Build.0 = Release|Any CPU
		{103B264B-7D2C-4D5E-8461-8CD8C2DC9B96}.Debug|Any CPU.ActiveCfg = Debug|Any CPU
		{103B264B-7D2C-4D5E-8461-8CD8C2DC9B96}.Debug|Any CPU.Build.0 = Debug|Any CPU
		{103B264B-7D2C-4D5E-8461-8CD8C2DC9B96}.Release|Any CPU.ActiveCfg = Release|Any CPU
		{103B264B-7D2C-4D5E-8461-8CD8C2DC9B96}.Release|Any CPU.Build.0 = Release|Any CPU
		{ED723A97-397F-4B52-8BD8-FE0B4CA55A49}.Debug|Any CPU.ActiveCfg = Debug|Any CPU
		{ED723A97-397F-4B52-8BD8-FE0B4CA55A49}.Debug|Any CPU.Build.0 = Debug|Any CPU
		{ED723A97-397F-4B52-8BD8-FE0B4CA55A49}.Release|Any CPU.ActiveCfg = Release|Any CPU
		{ED723A97-397F-4B52-8BD8-FE0B4CA55A49}.Release|Any CPU.Build.0 = Release|Any CPU
		{EA11FBD7-003E-41D6-B890-24BFE4940CB3}.Debug|Any CPU.ActiveCfg = Debug|Any CPU
		{EA11FBD7-003E-41D6-B890-24BFE4940CB3}.Debug|Any CPU.Build.0 = Debug|Any CPU
		{EA11FBD7-003E-41D6-B890-24BFE4940CB3}.Release|Any CPU.ActiveCfg = Release|Any CPU
		{EA11FBD7-003E-41D6-B890-24BFE4940CB3}.Release|Any CPU.Build.0 = Release|Any CPU
		{416B4242-B75C-4DA4-BBF8-CCB666AD1EC7}.Debug|Any CPU.ActiveCfg = Debug|Any CPU
		{416B4242-B75C-4DA4-BBF8-CCB666AD1EC7}.Debug|Any CPU.Build.0 = Debug|Any CPU
		{416B4242-B75C-4DA4-BBF8-CCB666AD1EC7}.Release|Any CPU.ActiveCfg = Release|Any CPU
		{416B4242-B75C-4DA4-BBF8-CCB666AD1EC7}.Release|Any CPU.Build.0 = Release|Any CPU
		{3A14A039-55C7-4E62-ABAA-53CB6DCA4542}.Debug|Any CPU.ActiveCfg = Debug|Any CPU
		{3A14A039-55C7-4E62-ABAA-53CB6DCA4542}.Debug|Any CPU.Build.0 = Debug|Any CPU
		{3A14A039-55C7-4E62-ABAA-53CB6DCA4542}.Release|Any CPU.ActiveCfg = Release|Any CPU
		{3A14A039-55C7-4E62-ABAA-53CB6DCA4542}.Release|Any CPU.Build.0 = Release|Any CPU
		{C86D878F-A5BB-453B-B5A7-1427FB07C6EA}.Debug|Any CPU.ActiveCfg = Debug|Any CPU
		{C86D878F-A5BB-453B-B5A7-1427FB07C6EA}.Debug|Any CPU.Build.0 = Debug|Any CPU
		{C86D878F-A5BB-453B-B5A7-1427FB07C6EA}.Release|Any CPU.ActiveCfg = Release|Any CPU
		{C86D878F-A5BB-453B-B5A7-1427FB07C6EA}.Release|Any CPU.Build.0 = Release|Any CPU
		{D8A5DCCC-FD9E-4EF5-B1AF-20910ED0015A}.Debug|Any CPU.ActiveCfg = Debug|Any CPU
		{D8A5DCCC-FD9E-4EF5-B1AF-20910ED0015A}.Debug|Any CPU.Build.0 = Debug|Any CPU
		{D8A5DCCC-FD9E-4EF5-B1AF-20910ED0015A}.Release|Any CPU.ActiveCfg = Release|Any CPU
		{D8A5DCCC-FD9E-4EF5-B1AF-20910ED0015A}.Release|Any CPU.Build.0 = Release|Any CPU
		{0D6B6F77-16B9-4592-B220-00829C76D683}.Debug|Any CPU.ActiveCfg = Debug|Any CPU
		{0D6B6F77-16B9-4592-B220-00829C76D683}.Debug|Any CPU.Build.0 = Debug|Any CPU
		{0D6B6F77-16B9-4592-B220-00829C76D683}.Release|Any CPU.ActiveCfg = Release|Any CPU
		{0D6B6F77-16B9-4592-B220-00829C76D683}.Release|Any CPU.Build.0 = Release|Any CPU
		{11229546-B2FC-4DDF-9D4C-AF45287E49F7}.Debug|Any CPU.ActiveCfg = Debug|Any CPU
		{11229546-B2FC-4DDF-9D4C-AF45287E49F7}.Debug|Any CPU.Build.0 = Debug|Any CPU
		{11229546-B2FC-4DDF-9D4C-AF45287E49F7}.Release|Any CPU.ActiveCfg = Release|Any CPU
		{11229546-B2FC-4DDF-9D4C-AF45287E49F7}.Release|Any CPU.Build.0 = Release|Any CPU
		{AF6B19D5-A435-4571-B028-5768BB8E5E8A}.Debug|Any CPU.ActiveCfg = Debug|Any CPU
		{AF6B19D5-A435-4571-B028-5768BB8E5E8A}.Debug|Any CPU.Build.0 = Debug|Any CPU
		{AF6B19D5-A435-4571-B028-5768BB8E5E8A}.Release|Any CPU.ActiveCfg = Release|Any CPU
		{AF6B19D5-A435-4571-B028-5768BB8E5E8A}.Release|Any CPU.Build.0 = Release|Any CPU
		{5AFB44AD-0367-4AEB-880C-658CC1DC3BC5}.Debug|Any CPU.ActiveCfg = Debug|Any CPU
		{5AFB44AD-0367-4AEB-880C-658CC1DC3BC5}.Debug|Any CPU.Build.0 = Debug|Any CPU
		{5AFB44AD-0367-4AEB-880C-658CC1DC3BC5}.Release|Any CPU.ActiveCfg = Release|Any CPU
		{5AFB44AD-0367-4AEB-880C-658CC1DC3BC5}.Release|Any CPU.Build.0 = Release|Any CPU
		{F9135CF6-3BD2-40F6-952B-95F2360FD9F3}.Debug|Any CPU.ActiveCfg = Debug|Any CPU
		{F9135CF6-3BD2-40F6-952B-95F2360FD9F3}.Debug|Any CPU.Build.0 = Debug|Any CPU
		{F9135CF6-3BD2-40F6-952B-95F2360FD9F3}.Release|Any CPU.ActiveCfg = Release|Any CPU
		{F9135CF6-3BD2-40F6-952B-95F2360FD9F3}.Release|Any CPU.Build.0 = Release|Any CPU
		{74D992D1-7DB2-4BAA-9E17-16B16A2438B3}.Debug|Any CPU.ActiveCfg = Debug|Any CPU
		{74D992D1-7DB2-4BAA-9E17-16B16A2438B3}.Debug|Any CPU.Build.0 = Debug|Any CPU
		{74D992D1-7DB2-4BAA-9E17-16B16A2438B3}.Release|Any CPU.ActiveCfg = Release|Any CPU
		{74D992D1-7DB2-4BAA-9E17-16B16A2438B3}.Release|Any CPU.Build.0 = Release|Any CPU
		{504834CD-383F-41E2-BC89-6B1D17A8C420}.Debug|Any CPU.ActiveCfg = Debug|Any CPU
		{504834CD-383F-41E2-BC89-6B1D17A8C420}.Debug|Any CPU.Build.0 = Debug|Any CPU
		{504834CD-383F-41E2-BC89-6B1D17A8C420}.Release|Any CPU.ActiveCfg = Release|Any CPU
		{504834CD-383F-41E2-BC89-6B1D17A8C420}.Release|Any CPU.Build.0 = Release|Any CPU
		{FB40B381-8B0E-4B8B-B243-06372AD0C510}.Debug|Any CPU.ActiveCfg = Debug|Any CPU
		{FB40B381-8B0E-4B8B-B243-06372AD0C510}.Debug|Any CPU.Build.0 = Debug|Any CPU
		{FB40B381-8B0E-4B8B-B243-06372AD0C510}.Release|Any CPU.ActiveCfg = Release|Any CPU
		{FB40B381-8B0E-4B8B-B243-06372AD0C510}.Release|Any CPU.Build.0 = Release|Any CPU
		{0828254B-5DE2-407E-B1CA-C069A716D01B}.Debug|Any CPU.ActiveCfg = Debug|Any CPU
		{0828254B-5DE2-407E-B1CA-C069A716D01B}.Debug|Any CPU.Build.0 = Debug|Any CPU
		{0828254B-5DE2-407E-B1CA-C069A716D01B}.Release|Any CPU.ActiveCfg = Release|Any CPU
		{0828254B-5DE2-407E-B1CA-C069A716D01B}.Release|Any CPU.Build.0 = Release|Any CPU
	EndGlobalSection
	GlobalSection(SolutionProperties) = preSolution
		HideSolutionNode = FALSE
	EndGlobalSection
	GlobalSection(NestedProjects) = preSolution
		{8C5A1D53-6225-4DD4-8D06-E5D7533E2BB2} = {C05290F9-1757-485E-BD0D-EA3056541543}
		{3A7A7FE4-EC0E-44FD-B77B-A38EAC66B98C} = {C05290F9-1757-485E-BD0D-EA3056541543}
		{029EB7F9-1FC9-40B7-B1D5-D23F8A983C91} = {C05290F9-1757-485E-BD0D-EA3056541543}
		{49F98D6E-37C0-4077-B7C3-0C20069C5615} = {E71C82AF-1D04-4D09-8A59-954CE9A1A950}
		{A222A02C-48C3-4E71-86A5-53E27855E0E1} = {E71C82AF-1D04-4D09-8A59-954CE9A1A950}
		{BD791DA1-4AA5-487E-959D-21C75D294E1A} = {E71C82AF-1D04-4D09-8A59-954CE9A1A950}
		{02FFA645-ABEA-48BB-8AFA-9485E2D2EF2E} = {64A7E0EA-906B-41DF-846F-0CB46ADAF573}
		{C43F8354-5461-4A73-A2A3-F45BBBFE8D68} = {64A7E0EA-906B-41DF-846F-0CB46ADAF573}
		{103B264B-7D2C-4D5E-8461-8CD8C2DC9B96} = {64A7E0EA-906B-41DF-846F-0CB46ADAF573}
		{ED723A97-397F-4B52-8BD8-FE0B4CA55A49} = {F8DF2B74-EC98-4048-A39E-8874AEDD266D}
		{EA11FBD7-003E-41D6-B890-24BFE4940CB3} = {F8DF2B74-EC98-4048-A39E-8874AEDD266D}
		{416B4242-B75C-4DA4-BBF8-CCB666AD1EC7} = {F8DF2B74-EC98-4048-A39E-8874AEDD266D}
		{3A14A039-55C7-4E62-ABAA-53CB6DCA4542} = {C11EC434-4EC9-46DC-AF9A-62B598DAC211}
		{C86D878F-A5BB-453B-B5A7-1427FB07C6EA} = {C11EC434-4EC9-46DC-AF9A-62B598DAC211}
		{D8A5DCCC-FD9E-4EF5-B1AF-20910ED0015A} = {C11EC434-4EC9-46DC-AF9A-62B598DAC211}
		{0D6B6F77-16B9-4592-B220-00829C76D683} = {755CB1BD-34C3-4529-9732-4738834F91AA}
		{11229546-B2FC-4DDF-9D4C-AF45287E49F7} = {755CB1BD-34C3-4529-9732-4738834F91AA}
		{AF6B19D5-A435-4571-B028-5768BB8E5E8A} = {755CB1BD-34C3-4529-9732-4738834F91AA}
		{5AFB44AD-0367-4AEB-880C-658CC1DC3BC5} = {CA773E65-314E-4E5E-BC24-1513543B47E5}
		{F9135CF6-3BD2-40F6-952B-95F2360FD9F3} = {CA773E65-314E-4E5E-BC24-1513543B47E5}
		{74D992D1-7DB2-4BAA-9E17-16B16A2438B3} = {CA773E65-314E-4E5E-BC24-1513543B47E5}
		{504834CD-383F-41E2-BC89-6B1D17A8C420} = {2663976F-7286-4F55-BFFA-040C0CF5F03E}
		{FB40B381-8B0E-4B8B-B243-06372AD0C510} = {2663976F-7286-4F55-BFFA-040C0CF5F03E}
		{0828254B-5DE2-407E-B1CA-C069A716D01B} = {2663976F-7286-4F55-BFFA-040C0CF5F03E}
	EndGlobalSection
	GlobalSection(ExtensibilityGlobals) = postSolution
		SolutionGuid = {796AEE52-5663-426A-8D12-5D2582E9E3D0}
	EndGlobalSection
EndGlobal
